<?xml version="1.0" encoding="utf-8"?>
<Project ToolsVersion="4.0" xmlns="http://schemas.microsoft.com/developer/msbuild/2003">
  <ItemGroup>
    <ClInclude Include="..\..\include\DownloaderFacade.hxx">
      <Filter>Include</Filter>
    </ClInclude>
    <ClInclude Include="..\..\include\Exceptions\ExceptionBase.hxx">
      <Filter>Include\Exceptions</Filter>
    </ClInclude>
    <ClInclude Include="..\..\include\Exceptions\GuardException.hxx">
      <Filter>Include\Exceptions</Filter>
    </ClInclude>
    <ClInclude Include="..\..\include\DataProviders\IDataProvider.hxx">
      <Filter>Include\DataProviders</Filter>
    </ClInclude>
    <ClInclude Include="..\..\include\DataProviders\XivelyDataProvider.hxx">
      <Filter>Include\DataProviders</Filter>
    </ClInclude>
    <ClInclude Include="..\..\include\Helpers\IHttpHelper.hxx">
      <Filter>Include\Helpers</Filter>
    </ClInclude>
    <ClInclude Include="..\..\include\Helpers\UrlArgs.hxx">
      <Filter>Include\Helpers</Filter>
    </ClInclude>
    <ClInclude Include="..\..\include\Helpers\HttpHelper.hxx">
      <Filter>Include\Helpers</Filter>
    </ClInclude>
    <ClInclude Include="..\..\include\Helpers\Guards.hxx">
      <Filter>Include\Helpers</Filter>
    </ClInclude>
    <ClInclude Include="..\..\include\DataProviders\HistoricalDate.hxx">
      <Filter>Include\DataProviders</Filter>
    </ClInclude>
    <ClInclude Include="..\..\include\DataProviders\DataPoint.hxx">
      <Filter>Include\DataProviders</Filter>
    </ClInclude>
    <ClInclude Include="..\..\include\DataProviders\HistoricalTime.hxx">
      <Filter>Include\DataProviders</Filter>
    </ClInclude>
    <ClInclude Include="..\..\include\Helpers\DateTimeHelpers.hxx">
      <Filter>Include\Helpers</Filter>
    </ClInclude>
    <ClInclude Include="..\..\include\Configuration\Configuration.hxx">
      <Filter>Include\Configuration</Filter>
    </ClInclude>
    <ClInclude Include="..\..\include\Jobs\JobParameters.hxx">
      <Filter>Include\Jobs</Filter>
    </ClInclude>
    <ClInclude Include="..\..\include\Jobs\JobPool.hxx">
      <Filter>Include\Jobs</Filter>
    </ClInclude>
    <ClInclude Include="..\..\include\Jobs\DataRetrievalWorker.hxx">
      <Filter>Include\Jobs</Filter>
    </ClInclude>
    <ClInclude Include="..\..\include\Jobs\CompletedJobsCache.hxx">
      <Filter>Include\Jobs</Filter>
    </ClInclude>
    <ClInclude Include="..\..\include\Outputters\IOutputter.hxx">
      <Filter>Include\Outputters</Filter>
    </ClInclude>
    <ClInclude Include="..\..\include\Outputters\CsvOutputter.hxx">
      <Filter>Include\Outputters</Filter>
    </ClInclude>
  </ItemGroup>
  <ItemGroup>
    <Filter Include="Include">
      <UniqueIdentifier>{69068002-2d4a-4f0d-b2c1-98b43a93f309}</UniqueIdentifier>
    </Filter>
    <Filter Include="Include\Exceptions">
      <UniqueIdentifier>{35c25d56-d428-4197-876f-b3dbbebbded0}</UniqueIdentifier>
    </Filter>
    <Filter Include="Include\DataProviders">
      <UniqueIdentifier>{91ce6188-aa4c-4b83-bc6e-33e4a0d99302}</UniqueIdentifier>
    </Filter>
    <Filter Include="Source">
      <UniqueIdentifier>{23823a2a-3f4d-4a2b-bbbb-296a5af7da16}</UniqueIdentifier>
    </Filter>
    <Filter Include="Source\Exceptions">
      <UniqueIdentifier>{dd718079-fc75-4c43-af49-9655760d15bf}</UniqueIdentifier>
    </Filter>
    <Filter Include="Source\DataProviders">
      <UniqueIdentifier>{64a3f81d-7701-4872-8b88-6b83553a349e}</UniqueIdentifier>
    </Filter>
    <Filter Include="Include\Helpers">
      <UniqueIdentifier>{0215297c-8992-4c47-b6d4-1757c9d70056}</UniqueIdentifier>
    </Filter>
    <Filter Include="Source\Helpers">
      <UniqueIdentifier>{de034918-77e6-4e5f-b31b-175d8a039298}</UniqueIdentifier>
    </Filter>
    <Filter Include="Include\Configuration">
      <UniqueIdentifier>{0b05c391-68aa-4401-8cf6-23d951a2f147}</UniqueIdentifier>
    </Filter>
    <Filter Include="Source\Configuration">
      <UniqueIdentifier>{6ac4c468-ce88-4f88-8d4e-5c7c8e9bcd7b}</UniqueIdentifier>
    </Filter>
    <Filter Include="Include\Jobs">
      <UniqueIdentifier>{5874832c-a446-4872-b67e-ecf6eaa41864}</UniqueIdentifier>
    </Filter>
    <Filter Include="Source\Jobs">
      <UniqueIdentifier>{8a225fa2-729f-401e-bd5e-f9ab61ccf83d}</UniqueIdentifier>
    </Filter>
    <Filter Include="Include\Outputters">
      <UniqueIdentifier>{00cb6f19-050e-4431-ad30-572360c55183}</UniqueIdentifier>
    </Filter>
    <Filter Include="Source\Outputters">
      <UniqueIdentifier>{5a336b13-4ef3-4db5-a61a-b259756636ad}</UniqueIdentifier>
    </Filter>
  </ItemGroup>
  <ItemGroup>
    <ClCompile Include="..\..\src\DownloaderFacade.cxx">
      <Filter>Source</Filter>
    </ClCompile>
    <ClCompile Include="..\..\src\Exceptions\ExceptionBase.cxx">
      <Filter>Source\Exceptions</Filter>
    </ClCompile>
    <ClCompile Include="..\..\src\Exceptions\GuardException.cxx">
      <Filter>Source\Exceptions</Filter>
    </ClCompile>
    <ClCompile Include="..\..\src\DataProviders\XivelyDataProvider.cxx">
      <Filter>Source\DataProviders</Filter>
    </ClCompile>
    <ClCompile Include="..\..\src\Helpers\UrlArgs.cxx">
      <Filter>Source\Helpers</Filter>
    </ClCompile>
    <ClCompile Include="..\..\src\Helpers\HttpHelper.cxx">
      <Filter>Source\Helpers</Filter>
    </ClCompile>
    <ClCompile Include="..\..\src\DataProviders\HistoricalDate.cxx">
      <Filter>Source\DataProviders</Filter>
    </ClCompile>
    <ClCompile Include="..\..\src\DataProviders\HistoricalTime.cxx">
      <Filter>Source\DataProviders</Filter>
    </ClCompile>
    <ClCompile Include="..\..\src\Helpers\DateTimeHelpers.cxx">
      <Filter>Source\Helpers</Filter>
    </ClCompile>
    <ClCompile Include="..\..\src\Configuration\Configuration.cxx">
      <Filter>Source\Configuration</Filter>
    </ClCompile>
    <ClCompile Include="..\..\src\Jobs\JobParameters.cxx">
      <Filter>Source\Jobs</Filter>
    </ClCompile>
    <ClCompile Include="..\..\src\Jobs\JobPool.cxx">
      <Filter>Source\Jobs</Filter>
    </ClCompile>
    <ClCompile Include="..\..\src\Jobs\DataRetrievalWorker.cxx">
      <Filter>Source\Jobs</Filter>
    </ClCompile>
    <ClCompile Include="..\..\src\Jobs\CompletedJobsCache.cxx">
      <Filter>Source\Jobs</Filter>
    </ClCompile>
    <ClCompile Include="..\..\src\Outputters\CsvOutputter.cxx">
      <Filter>Source\Outputters</Filter>
    </ClCompile>
  </ItemGroup>
</Project>