<?xml version="1.0" encoding="utf-8"?>
<Project ToolsVersion="4.0" xmlns="http://schemas.microsoft.com/developer/msbuild/2003">
  <ItemGroup>
    <ClCompile Include="..\..\test\src\Tests.cxx">
      <Filter>Source</Filter>
    </ClCompile>
  </ItemGroup>
  <ItemGroup>
    <Filter Include="Source">
      <UniqueIdentifier>{1919cdc0-0349-46ba-bc02-a65d74bdef86}</UniqueIdentifier>
    </Filter>
    <Filter Include="Include">
      <UniqueIdentifier>{f3dba5ba-1b25-49e4-847b-6b68267cd3ea}</UniqueIdentifier>
    </Filter>
  </ItemGroup>
  <ItemGroup>
    <ClInclude Include="..\..\test\include\IntegrationTests.hxx">
      <Filter>Include</Filter>
    </ClInclude>
    <ClInclude Include="..\..\test\include\UnitTests.hxx">
      <Filter>Include</Filter>
    </ClInclude>
  </ItemGroup>
</Project>